
Microsoft Visual Studio Solution File, Format Version 12.00
# Visual Studio Version 16
VisualStudioVersion = 16.0.31424.327
MinimumVisualStudioVersion = 10.0.40219.1
Project("{8BC9CEB8-8B4A-11D0-8D11-00A0C91BC942}") = "Exercise1", "Exercise1\Exercise1.vcxproj", "{890E3760-B1C4-4A48-B60B-48F483945E66}"
EndProject
Global
	GlobalSection(SolutionConfigurationPlatforms) = preSolution
		Debug|x64 = Debug|x64
		Debug|x86 = Debug|x86
		Release|x64 = Release|x64
		Release|x86 = Release|x86
	EndGlobalSection
	GlobalSection(ProjectConfigurationPlatforms) = postSolution
		{890E3760-B1C4-4A48-B60B-48F483945E66}.Debug|x64.ActiveCfg = Debug|x64
		{890E3760-B1C4-4A48-B60B-48F483945E66}.Debug|x64.Build.0 = Debug|x64
		{890E3760-B1C4-4A48-B60B-48F483945E66}.Debug|x86.ActiveCfg = Debug|Win32
		{890E3760-B1C4-4A48-B60B-48F483945E66}.Debug|x86.Build.0 = Debug|Win32
		{890E3760-B1C4-4A48-B60B-48F483945E66}.Release|x64.ActiveCfg = Release|x64
		{890E3760-B1C4-4A48-B60B-48F483945E66}.Release|x64.Build.0 = Release|x64
		{890E3760-B1C4-4A48-B60B-48F483945E66}.Release|x86.ActiveCfg = Release|Win32
		{890E3760-B1C4-4A48-B60B-48F483945E66}.Release|x86.Build.0 = Release|Win32
	EndGlobalSection
	GlobalSection(SolutionProperties) = preSolution
		HideSolutionNode = FALSE
	EndGlobalSection
	GlobalSection(ExtensibilityGlobals) = postSolution
		SolutionGuid = {DB10649A-9E74-4382-95D9-01F1A7A2FEE1}
	EndGlobalSection
EndGlobal
